
Microsoft Visual Studio Solution File, Format Version 12.00
# Visual Studio 14
VisualStudioVersion = 14.0.25123.0
MinimumVisualStudioVersion = 10.0.40219.1
Project("{8BC9CEB8-8B4A-11D0-8D11-00A0C91BC942}") = "Vectors", "Vectors\Vectors.vcxproj", "{2C5D7FD2-6E19-49C5-8E7A-D53DFCA8EAB3}"
EndProject
Project("{8BC9CEB8-8B4A-11D0-8D11-00A0C91BC942}") = "VectorClass", "Vector2Class\Vector2Class.vcxproj", "{9955441A-1F0A-407C-970D-6033352F8A26}"
EndProject
Project("{8BC9CEB8-8B4A-11D0-8D11-00A0C91BC942}") = "AMAssignment", "AMAssignment\AMAssignment.vcxproj", "{8FA8B1A7-73B0-45B3-AADB-A81D33655447}"
EndProject
Project("{8BC9CEB8-8B4A-11D0-8D11-00A0C91BC942}") = "Practice", "Practice\Practice.vcxproj", "{98B1F083-5DCA-4D64-BBBE-40B46C27A2E2}"
EndProject
Project("{8BC9CEB8-8B4A-11D0-8D11-00A0C91BC942}") = "Matrix_Classes", "Matrix_Classes\Matrix_Classes.vcxproj", "{CC594856-9342-4668-A4BF-7FA50585AEE0}"
EndProject
Project("{8BC9CEB8-8B4A-11D0-8D11-00A0C91BC942}") = "Vector2Class", "Vector_Class\Vector_Class.vcxproj", "{92913335-7A3C-470C-BC58-3DE6AA88EC94}"
EndProject
Project("{8BC9CEB8-8B4A-11D0-8D11-00A0C91BC942}") = "Q3US-MathForGames", "Q3US-MathForGames\Q3US-MathForGames.vcxproj", "{04AB37B8-CF87-4E2C-8155-BF39E5373173}"
EndProject
Global
	GlobalSection(SolutionConfigurationPlatforms) = preSolution
		Debug|x64 = Debug|x64
		Debug|x86 = Debug|x86
		Release|x64 = Release|x64
		Release|x86 = Release|x86
	EndGlobalSection
	GlobalSection(ProjectConfigurationPlatforms) = postSolution
		{2C5D7FD2-6E19-49C5-8E7A-D53DFCA8EAB3}.Debug|x64.ActiveCfg = Debug|x64
		{2C5D7FD2-6E19-49C5-8E7A-D53DFCA8EAB3}.Debug|x64.Build.0 = Debug|x64
		{2C5D7FD2-6E19-49C5-8E7A-D53DFCA8EAB3}.Debug|x86.ActiveCfg = Debug|Win32
		{2C5D7FD2-6E19-49C5-8E7A-D53DFCA8EAB3}.Debug|x86.Build.0 = Debug|Win32
		{2C5D7FD2-6E19-49C5-8E7A-D53DFCA8EAB3}.Release|x64.ActiveCfg = Debug|x64
		{2C5D7FD2-6E19-49C5-8E7A-D53DFCA8EAB3}.Release|x64.Build.0 = Debug|x64
		{2C5D7FD2-6E19-49C5-8E7A-D53DFCA8EAB3}.Release|x86.ActiveCfg = Release|Win32
		{2C5D7FD2-6E19-49C5-8E7A-D53DFCA8EAB3}.Release|x86.Build.0 = Release|Win32
		{9955441A-1F0A-407C-970D-6033352F8A26}.Debug|x64.ActiveCfg = Debug|x64
		{9955441A-1F0A-407C-970D-6033352F8A26}.Debug|x64.Build.0 = Debug|x64
		{9955441A-1F0A-407C-970D-6033352F8A26}.Debug|x86.ActiveCfg = Debug|Win32
		{9955441A-1F0A-407C-970D-6033352F8A26}.Debug|x86.Build.0 = Debug|Win32
		{9955441A-1F0A-407C-970D-6033352F8A26}.Release|x64.ActiveCfg = Release|x64
		{9955441A-1F0A-407C-970D-6033352F8A26}.Release|x64.Build.0 = Release|x64
		{9955441A-1F0A-407C-970D-6033352F8A26}.Release|x86.ActiveCfg = Release|Win32
		{9955441A-1F0A-407C-970D-6033352F8A26}.Release|x86.Build.0 = Release|Win32
		{8FA8B1A7-73B0-45B3-AADB-A81D33655447}.Debug|x64.ActiveCfg = Debug|x64
		{8FA8B1A7-73B0-45B3-AADB-A81D33655447}.Debug|x64.Build.0 = Debug|x64
		{8FA8B1A7-73B0-45B3-AADB-A81D33655447}.Debug|x86.ActiveCfg = Debug|Win32
		{8FA8B1A7-73B0-45B3-AADB-A81D33655447}.Debug|x86.Build.0 = Debug|Win32
		{8FA8B1A7-73B0-45B3-AADB-A81D33655447}.Release|x64.ActiveCfg = Release|x64
		{8FA8B1A7-73B0-45B3-AADB-A81D33655447}.Release|x64.Build.0 = Release|x64
		{8FA8B1A7-73B0-45B3-AADB-A81D33655447}.Release|x86.ActiveCfg = Release|Win32
		{8FA8B1A7-73B0-45B3-AADB-A81D33655447}.Release|x86.Build.0 = Release|Win32
		{98B1F083-5DCA-4D64-BBBE-40B46C27A2E2}.Debug|x64.ActiveCfg = Debug|x64
		{98B1F083-5DCA-4D64-BBBE-40B46C27A2E2}.Debug|x64.Build.0 = Debug|x64
		{98B1F083-5DCA-4D64-BBBE-40B46C27A2E2}.Debug|x86.ActiveCfg = Debug|Win32
		{98B1F083-5DCA-4D64-BBBE-40B46C27A2E2}.Debug|x86.Build.0 = Debug|Win32
		{98B1F083-5DCA-4D64-BBBE-40B46C27A2E2}.Release|x64.ActiveCfg = Release|x64
		{98B1F083-5DCA-4D64-BBBE-40B46C27A2E2}.Release|x64.Build.0 = Release|x64
		{98B1F083-5DCA-4D64-BBBE-40B46C27A2E2}.Release|x86.ActiveCfg = Release|Win32
		{98B1F083-5DCA-4D64-BBBE-40B46C27A2E2}.Release|x86.Build.0 = Release|Win32
		{CC594856-9342-4668-A4BF-7FA50585AEE0}.Debug|x64.ActiveCfg = Debug|x64
		{CC594856-9342-4668-A4BF-7FA50585AEE0}.Debug|x64.Build.0 = Debug|x64
		{CC594856-9342-4668-A4BF-7FA50585AEE0}.Debug|x86.ActiveCfg = Debug|x64
		{CC594856-9342-4668-A4BF-7FA50585AEE0}.Debug|x86.Build.0 = Debug|x64
		{CC594856-9342-4668-A4BF-7FA50585AEE0}.Release|x64.ActiveCfg = Release|x64
		{CC594856-9342-4668-A4BF-7FA50585AEE0}.Release|x64.Build.0 = Release|x64
		{CC594856-9342-4668-A4BF-7FA50585AEE0}.Release|x86.ActiveCfg = Release|Win32
		{CC594856-9342-4668-A4BF-7FA50585AEE0}.Release|x86.Build.0 = Release|Win32
		{92913335-7A3C-470C-BC58-3DE6AA88EC94}.Debug|x64.ActiveCfg = Debug|x64
		{92913335-7A3C-470C-BC58-3DE6AA88EC94}.Debug|x64.Build.0 = Debug|x64
		{92913335-7A3C-470C-BC58-3DE6AA88EC94}.Debug|x86.ActiveCfg = Debug|Win32
		{92913335-7A3C-470C-BC58-3DE6AA88EC94}.Debug|x86.Build.0 = Debug|Win32
		{92913335-7A3C-470C-BC58-3DE6AA88EC94}.Release|x64.ActiveCfg = Debug|x64
		{92913335-7A3C-470C-BC58-3DE6AA88EC94}.Release|x64.Build.0 = Debug|x64
		{92913335-7A3C-470C-BC58-3DE6AA88EC94}.Release|x86.ActiveCfg = Release|Win32
		{92913335-7A3C-470C-BC58-3DE6AA88EC94}.Release|x86.Build.0 = Release|Win32
		{04AB37B8-CF87-4E2C-8155-BF39E5373173}.Debug|x64.ActiveCfg = Debug|x64
		{04AB37B8-CF87-4E2C-8155-BF39E5373173}.Debug|x64.Build.0 = Debug|x64
		{04AB37B8-CF87-4E2C-8155-BF39E5373173}.Debug|x86.ActiveCfg = Debug|Win32
		{04AB37B8-CF87-4E2C-8155-BF39E5373173}.Debug|x86.Build.0 = Debug|Win32
		{04AB37B8-CF87-4E2C-8155-BF39E5373173}.Release|x64.ActiveCfg = Release|x64
		{04AB37B8-CF87-4E2C-8155-BF39E5373173}.Release|x64.Build.0 = Release|x64
		{04AB37B8-CF87-4E2C-8155-BF39E5373173}.Release|x86.ActiveCfg = Release|Win32
		{04AB37B8-CF87-4E2C-8155-BF39E5373173}.Release|x86.Build.0 = Release|Win32
	EndGlobalSection
	GlobalSection(SolutionProperties) = preSolution
		HideSolutionNode = FALSE
	EndGlobalSection
EndGlobal
